
Microsoft Visual Studio Solution File, Format Version 12.00
# Visual Studio Version 17
VisualStudioVersion = 17.2.32630.192
MinimumVisualStudioVersion = 10.0.40219.1
Project("{FAE04EC0-301F-11D3-BF4B-00C04F79EFBC}") = "Lab3.Control", "Lab3.Control\Lab3.Control.csproj", "{28A02201-E710-45F9-94CC-2FBA0C7FCC64}"
EndProject
Global
	GlobalSection(SolutionConfigurationPlatforms) = preSolution
		Debug|Any CPU = Debug|Any CPU
		Release|Any CPU = Release|Any CPU
	EndGlobalSection
	GlobalSection(ProjectConfigurationPlatforms) = postSolution
		{28A02201-E710-45F9-94CC-2FBA0C7FCC64}.Debug|Any CPU.ActiveCfg = Debug|Any CPU
		{28A02201-E710-45F9-94CC-2FBA0C7FCC64}.Debug|Any CPU.Build.0 = Debug|Any CPU
		{28A02201-E710-45F9-94CC-2FBA0C7FCC64}.Release|Any CPU.ActiveCfg = Release|Any CPU
		{28A02201-E710-45F9-94CC-2FBA0C7FCC64}.Release|Any CPU.Build.0 = Release|Any CPU
	EndGlobalSection
	GlobalSection(SolutionProperties) = preSolution
		HideSolutionNode = FALSE
	EndGlobalSection
	GlobalSection(ExtensibilityGlobals) = postSolution
		SolutionGuid = {4812F2A4-D80D-4D64-A095-C6A282F7BA93}
	EndGlobalSection
EndGlobal
